
Microsoft Visual Studio Solution File, Format Version 12.00
# Visual Studio Version 17
VisualStudioVersion = 17.0.32112.339
MinimumVisualStudioVersion = 10.0.40219.1
Project("{2150E333-8FDC-42A3-9474-1A3956D46DE8}") = "Services", "Services", "{6718D7DE-E3DD-4CA2-8F9F-9F87E375651B}"
EndProject
Project("{2150E333-8FDC-42A3-9474-1A3956D46DE8}") = "Catalog", "Catalog", "{D04D1E45-16DF-47E8-82E1-62A527BEB231}"
EndProject
Project("{9A19103F-16F7-4668-BE54-9A1E7A4F7556}") = "Catalog.API", "Services\Catalog\Catalog.API\Catalog.API.csproj", "{F19A9D09-39D5-44A3-9E54-86BF28437AF0}"
EndProject
Project("{E53339B2-1760-4266-BCC7-CA923CBCF16C}") = "docker-compose", "docker-compose.dcproj", "{5ADE24AE-6A83-4A02-AC05-1CB39FE5BDA4}"
EndProject
Project("{2150E333-8FDC-42A3-9474-1A3956D46DE8}") = "Basket", "Basket", "{63B3BCD2-E76E-45B6-A177-9815C6132EC6}"
EndProject
Project("{9A19103F-16F7-4668-BE54-9A1E7A4F7556}") = "Basket.API", "Services\Basket\Basket.API\Basket.API.csproj", "{DA934B48-DB71-43E0-913C-714E6D77858E}"
EndProject
Project("{2150E333-8FDC-42A3-9474-1A3956D46DE8}") = "Discount", "Discount", "{D3634360-7F3E-46A5-938A-982F911F2D42}"
EndProject
Project("{9A19103F-16F7-4668-BE54-9A1E7A4F7556}") = "Discount.API", "Services\Discount\Discount.API\Discount.API.csproj", "{440B0846-977F-4B2C-9499-1803D21ABF63}"
EndProject
Project("{9A19103F-16F7-4668-BE54-9A1E7A4F7556}") = "Discount.Grpc", "Services\Discount\Discount.Grpc\Discount.Grpc.csproj", "{4B289303-24E8-47CB-B96B-C15AB6E5A66F}"
EndProject
Project("{2150E333-8FDC-42A3-9474-1A3956D46DE8}") = "Ordering", "Ordering", "{1F49A91C-EE16-44C1-B237-DAA339B23D29}"
EndProject
Project("{9A19103F-16F7-4668-BE54-9A1E7A4F7556}") = "Ordering.API", "Services\Ordering\Ordering.API\Ordering.API.csproj", "{B42C9996-60FB-4820-AC9D-81FA74847937}"
EndProject
Project("{9A19103F-16F7-4668-BE54-9A1E7A4F7556}") = "Ordering.Domain", "Services\Ordering\Ordering.Domain\Ordering.Domain.csproj", "{C4724938-7C21-4CE7-B048-25B276F715A8}"
EndProject
Project("{9A19103F-16F7-4668-BE54-9A1E7A4F7556}") = "Ordering.Application", "Services\Ordering\Ordering.Application\Ordering.Application.csproj", "{8146AC76-8373-42C2-AC0C-089B683A3A33}"
EndProject
Project("{9A19103F-16F7-4668-BE54-9A1E7A4F7556}") = "Ordering.Infrastructure", "Services\Ordering\Ordering.Infrastructure\Ordering.Infrastructure.csproj", "{55CDE96E-3E05-4288-B235-A97FDF324764}"
EndProject
Project("{2150E333-8FDC-42A3-9474-1A3956D46DE8}") = "BuildingBlocks", "BuildingBlocks", "{D4CBE864-6AB3-410D-A670-C6C4F4CF932D}"
EndProject
Project("{FAE04EC0-301F-11D3-BF4B-00C04F79EFBC}") = "EventBus.Message", "BuildingBlocks\EventBus.Message\EventBus.Message.csproj", "{F2142642-12AB-49FA-B5CE-4C622CA8A702}"
EndProject
Global
	GlobalSection(SolutionConfigurationPlatforms) = preSolution
		Debug|Any CPU = Debug|Any CPU
		Release|Any CPU = Release|Any CPU
	EndGlobalSection
	GlobalSection(ProjectConfigurationPlatforms) = postSolution
		{F19A9D09-39D5-44A3-9E54-86BF28437AF0}.Debug|Any CPU.ActiveCfg = Debug|Any CPU
		{F19A9D09-39D5-44A3-9E54-86BF28437AF0}.Debug|Any CPU.Build.0 = Debug|Any CPU
		{F19A9D09-39D5-44A3-9E54-86BF28437AF0}.Release|Any CPU.ActiveCfg = Release|Any CPU
		{F19A9D09-39D5-44A3-9E54-86BF28437AF0}.Release|Any CPU.Build.0 = Release|Any CPU
		{5ADE24AE-6A83-4A02-AC05-1CB39FE5BDA4}.Debug|Any CPU.ActiveCfg = Debug|Any CPU
		{5ADE24AE-6A83-4A02-AC05-1CB39FE5BDA4}.Debug|Any CPU.Build.0 = Debug|Any CPU
		{5ADE24AE-6A83-4A02-AC05-1CB39FE5BDA4}.Release|Any CPU.ActiveCfg = Release|Any CPU
		{5ADE24AE-6A83-4A02-AC05-1CB39FE5BDA4}.Release|Any CPU.Build.0 = Release|Any CPU
		{DA934B48-DB71-43E0-913C-714E6D77858E}.Debug|Any CPU.ActiveCfg = Debug|Any CPU
		{DA934B48-DB71-43E0-913C-714E6D77858E}.Debug|Any CPU.Build.0 = Debug|Any CPU
		{DA934B48-DB71-43E0-913C-714E6D77858E}.Release|Any CPU.ActiveCfg = Release|Any CPU
		{DA934B48-DB71-43E0-913C-714E6D77858E}.Release|Any CPU.Build.0 = Release|Any CPU
		{440B0846-977F-4B2C-9499-1803D21ABF63}.Debug|Any CPU.ActiveCfg = Debug|Any CPU
		{440B0846-977F-4B2C-9499-1803D21ABF63}.Debug|Any CPU.Build.0 = Debug|Any CPU
		{440B0846-977F-4B2C-9499-1803D21ABF63}.Release|Any CPU.ActiveCfg = Release|Any CPU
		{440B0846-977F-4B2C-9499-1803D21ABF63}.Release|Any CPU.Build.0 = Release|Any CPU
		{4B289303-24E8-47CB-B96B-C15AB6E5A66F}.Debug|Any CPU.ActiveCfg = Debug|Any CPU
		{4B289303-24E8-47CB-B96B-C15AB6E5A66F}.Debug|Any CPU.Build.0 = Debug|Any CPU
		{4B289303-24E8-47CB-B96B-C15AB6E5A66F}.Release|Any CPU.ActiveCfg = Release|Any CPU
		{4B289303-24E8-47CB-B96B-C15AB6E5A66F}.Release|Any CPU.Build.0 = Release|Any CPU
		{B42C9996-60FB-4820-AC9D-81FA74847937}.Debug|Any CPU.ActiveCfg = Debug|Any CPU
		{B42C9996-60FB-4820-AC9D-81FA74847937}.Debug|Any CPU.Build.0 = Debug|Any CPU
		{B42C9996-60FB-4820-AC9D-81FA74847937}.Release|Any CPU.ActiveCfg = Release|Any CPU
		{B42C9996-60FB-4820-AC9D-81FA74847937}.Release|Any CPU.Build.0 = Release|Any CPU
		{C4724938-7C21-4CE7-B048-25B276F715A8}.Debug|Any CPU.ActiveCfg = Debug|Any CPU
		{C4724938-7C21-4CE7-B048-25B276F715A8}.Debug|Any CPU.Build.0 = Debug|Any CPU
		{C4724938-7C21-4CE7-B048-25B276F715A8}.Release|Any CPU.ActiveCfg = Release|Any CPU
		{C4724938-7C21-4CE7-B048-25B276F715A8}.Release|Any CPU.Build.0 = Release|Any CPU
		{8146AC76-8373-42C2-AC0C-089B683A3A33}.Debug|Any CPU.ActiveCfg = Debug|Any CPU
		{8146AC76-8373-42C2-AC0C-089B683A3A33}.Debug|Any CPU.Build.0 = Debug|Any CPU
		{8146AC76-8373-42C2-AC0C-089B683A3A33}.Release|Any CPU.ActiveCfg = Release|Any CPU
		{8146AC76-8373-42C2-AC0C-089B683A3A33}.Release|Any CPU.Build.0 = Release|Any CPU
		{55CDE96E-3E05-4288-B235-A97FDF324764}.Debug|Any CPU.ActiveCfg = Debug|Any CPU
		{55CDE96E-3E05-4288-B235-A97FDF324764}.Debug|Any CPU.Build.0 = Debug|Any CPU
		{55CDE96E-3E05-4288-B235-A97FDF324764}.Release|Any CPU.ActiveCfg = Release|Any CPU
		{55CDE96E-3E05-4288-B235-A97FDF324764}.Release|Any CPU.Build.0 = Release|Any CPU
		{F2142642-12AB-49FA-B5CE-4C622CA8A702}.Debug|Any CPU.ActiveCfg = Debug|Any CPU
		{F2142642-12AB-49FA-B5CE-4C622CA8A702}.Debug|Any CPU.Build.0 = Debug|Any CPU
		{F2142642-12AB-49FA-B5CE-4C622CA8A702}.Release|Any CPU.ActiveCfg = Release|Any CPU
		{F2142642-12AB-49FA-B5CE-4C622CA8A702}.Release|Any CPU.Build.0 = Release|Any CPU
	EndGlobalSection
	GlobalSection(SolutionProperties) = preSolution
		HideSolutionNode = FALSE
	EndGlobalSection
	GlobalSection(NestedProjects) = preSolution
		{D04D1E45-16DF-47E8-82E1-62A527BEB231} = {6718D7DE-E3DD-4CA2-8F9F-9F87E375651B}
		{F19A9D09-39D5-44A3-9E54-86BF28437AF0} = {D04D1E45-16DF-47E8-82E1-62A527BEB231}
		{63B3BCD2-E76E-45B6-A177-9815C6132EC6} = {6718D7DE-E3DD-4CA2-8F9F-9F87E375651B}
		{DA934B48-DB71-43E0-913C-714E6D77858E} = {63B3BCD2-E76E-45B6-A177-9815C6132EC6}
		{D3634360-7F3E-46A5-938A-982F911F2D42} = {6718D7DE-E3DD-4CA2-8F9F-9F87E375651B}
		{440B0846-977F-4B2C-9499-1803D21ABF63} = {D3634360-7F3E-46A5-938A-982F911F2D42}
		{4B289303-24E8-47CB-B96B-C15AB6E5A66F} = {D3634360-7F3E-46A5-938A-982F911F2D42}
		{1F49A91C-EE16-44C1-B237-DAA339B23D29} = {6718D7DE-E3DD-4CA2-8F9F-9F87E375651B}
		{B42C9996-60FB-4820-AC9D-81FA74847937} = {1F49A91C-EE16-44C1-B237-DAA339B23D29}
		{C4724938-7C21-4CE7-B048-25B276F715A8} = {1F49A91C-EE16-44C1-B237-DAA339B23D29}
		{8146AC76-8373-42C2-AC0C-089B683A3A33} = {1F49A91C-EE16-44C1-B237-DAA339B23D29}
		{55CDE96E-3E05-4288-B235-A97FDF324764} = {1F49A91C-EE16-44C1-B237-DAA339B23D29}
		{F2142642-12AB-49FA-B5CE-4C622CA8A702} = {D4CBE864-6AB3-410D-A670-C6C4F4CF932D}
	EndGlobalSection
	GlobalSection(ExtensibilityGlobals) = postSolution
		SolutionGuid = {1DB78E9D-FD83-4332-96D7-FB3CBF6EBA24}
	EndGlobalSection
EndGlobal
